// !$*UTF8*$!
{
	archiveVersion = 1;
	classes = {
	};
	objectVersion = 55;
	objects = {

/* Begin PBXBuildFile section */
		98E51BAD284F2F09007982F6 /* LearningCoreDataApp.swift in Sources */ = {isa = PBXBuildFile; fileRef = 98E51BAC284F2F09007982F6 /* LearningCoreDataApp.swift */; };
		98E51BAF284F2F09007982F6 /* ContentView.swift in Sources */ = {isa = PBXBuildFile; fileRef = 98E51BAE284F2F09007982F6 /* ContentView.swift */; };
		98E51BB1284F2F09007982F6 /* Assets.xcassets in Resources */ = {isa = PBXBuildFile; fileRef = 98E51BB0284F2F09007982F6 /* Assets.xcassets */; };
		98E51BB4284F2F09007982F6 /* Preview Assets.xcassets in Resources */ = {isa = PBXBuildFile; fileRef = 98E51BB3284F2F09007982F6 /* Preview Assets.xcassets */; };
		98E51BB6284F2F09007982F6 /* Persistence.swift in Sources */ = {isa = PBXBuildFile; fileRef = 98E51BB5284F2F09007982F6 /* Persistence.swift */; };
		98E51BB9284F2F09007982F6 /* LearningCoreData.xcdatamodeld in Sources */ = {isa = PBXBuildFile; fileRef = 98E51BB7284F2F09007982F6 /* LearningCoreData.xcdatamodeld */; };
		98E51BC3284F2F09007982F6 /* LearningCoreDataTests.swift in Sources */ = {isa = PBXBuildFile; fileRef = 98E51BC2284F2F09007982F6 /* LearningCoreDataTests.swift */; };
		98E51BCD284F2F09007982F6 /* LearningCoreDataUITests.swift in Sources */ = {isa = PBXBuildFile; fileRef = 98E51BCC284F2F09007982F6 /* LearningCoreDataUITests.swift */; };
		98E51BCF284F2F09007982F6 /* LearningCoreDataUITestsLaunchTests.swift in Sources */ = {isa = PBXBuildFile; fileRef = 98E51BCE284F2F09007982F6 /* LearningCoreDataUITestsLaunchTests.swift */; };
/* End PBXBuildFile section */

/* Begin PBXContainerItemProxy section */
		98E51BBF284F2F09007982F6 /* PBXContainerItemProxy */ = {
			isa = PBXContainerItemProxy;
			containerPortal = 98E51BA1284F2F09007982F6 /* Project object */;
			proxyType = 1;
			remoteGlobalIDString = 98E51BA8284F2F09007982F6;
			remoteInfo = LearningCoreData;
		};
		98E51BC9284F2F09007982F6 /* PBXContainerItemProxy */ = {
			isa = PBXContainerItemProxy;
			containerPortal = 98E51BA1284F2F09007982F6 /* Project object */;
			proxyType = 1;
			remoteGlobalIDString = 98E51BA8284F2F09007982F6;
			remoteInfo = LearningCoreData;
		};
/* End PBXContainerItemProxy section */

/* Begin PBXFileReference section */
		98E51BA9284F2F09007982F6 /* LearningCoreData.app */ = {isa = PBXFileReference; explicitFileType = wrapper.application; includeInIndex = 0; path = LearningCoreData.app; sourceTree = BUILT_PRODUCTS_DIR; };
		98E51BAC284F2F09007982F6 /* LearningCoreDataApp.swift */ = {isa = PBXFileReference; lastKnownFileType = sourcecode.swift; path = LearningCoreDataApp.swift; sourceTree = "<group>"; };
		98E51BAE284F2F09007982F6 /* ContentView.swift */ = {isa = PBXFileReference; lastKnownFileType = sourcecode.swift; path = ContentView.swift; sourceTree = "<group>"; };
		98E51BB0284F2F09007982F6 /* Assets.xcassets */ = {isa = PBXFileReference; lastKnownFileType = folder.assetcatalog; path = Assets.xcassets; sourceTree = "<group>"; };
		98E51BB3284F2F09007982F6 /* Preview Assets.xcassets */ = {isa = PBXFileReference; lastKnownFileType = folder.assetcatalog; path = "Preview Assets.xcassets"; sourceTree = "<group>"; };
		98E51BB5284F2F09007982F6 /* Persistence.swift */ = {isa = PBXFileReference; lastKnownFileType = sourcecode.swift; path = Persistence.swift; sourceTree = "<group>"; };
		98E51BB8284F2F09007982F6 /* LearningCoreData.xcdatamodel */ = {isa = PBXFileReference; lastKnownFileType = wrapper.xcdatamodel; path = LearningCoreData.xcdatamodel; sourceTree = "<group>"; };
		98E51BBE284F2F09007982F6 /* LearningCoreDataTests.xctest */ = {isa = PBXFileReference; explicitFileType = wrapper.cfbundle; includeInIndex = 0; path = LearningCoreDataTests.xctest; sourceTree = BUILT_PRODUCTS_DIR; };
		98E51BC2284F2F09007982F6 /* LearningCoreDataTests.swift */ = {isa = PBXFileReference; lastKnownFileType = sourcecode.swift; path = LearningCoreDataTests.swift; sourceTree = "<group>"; };
		98E51BC8284F2F09007982F6 /* LearningCoreDataUITests.xctest */ = {isa = PBXFileReference; explicitFileType = wrapper.cfbundle; includeInIndex = 0; path = LearningCoreDataUITests.xctest; sourceTree = BUILT_PRODUCTS_DIR; };
		98E51BCC284F2F09007982F6 /* LearningCoreDataUITests.swift */ = {isa = PBXFileReference; lastKnownFileType = sourcecode.swift; path = LearningCoreDataUITests.swift; sourceTree = "<group>"; };
		98E51BCE284F2F09007982F6 /* LearningCoreDataUITestsLaunchTests.swift */ = {isa = PBXFileReference; lastKnownFileType = sourcecode.swift; path = LearningCoreDataUITestsLaunchTests.swift; sourceTree = "<group>"; };
/* End PBXFileReference section */

/* Begin PBXFrameworksBuildPhase section */
		98E51BA6284F2F09007982F6 /* Frameworks */ = {
			isa = PBXFrameworksBuildPhase;
			buildActionMask = 2147483647;
			files = (
			);
			runOnlyForDeploymentPostprocessing = 0;
		};
		98E51BBB284F2F09007982F6 /* Frameworks */ = {
			isa = PBXFrameworksBuildPhase;
			buildActionMask = 2147483647;
			files = (
			);
			runOnlyForDeploymentPostprocessing = 0;
		};
		98E51BC5284F2F09007982F6 /* Frameworks */ = {
			isa = PBXFrameworksBuildPhase;
			buildActionMask = 2147483647;
			files = (
			);
			runOnlyForDeploymentPostprocessing = 0;
		};
/* End PBXFrameworksBuildPhase section */

/* Begin PBXGroup section */
		98E51BA0284F2F09007982F6 = {
			isa = PBXGroup;
			children = (
				98E51BAB284F2F09007982F6 /* LearningCoreData */,
				98E51BC1284F2F09007982F6 /* LearningCoreDataTests */,
				98E51BCB284F2F09007982F6 /* LearningCoreDataUITests */,
				98E51BAA284F2F09007982F6 /* Products */,
			);
			sourceTree = "<group>";
		};
		98E51BAA284F2F09007982F6 /* Products */ = {
			isa = PBXGroup;
			children = (
				98E51BA9284F2F09007982F6 /* LearningCoreData.app */,
				98E51BBE284F2F09007982F6 /* LearningCoreDataTests.xctest */,
				98E51BC8284F2F09007982F6 /* LearningCoreDataUITests.xctest */,
			);
			name = Products;
			sourceTree = "<group>";
		};
		98E51BAB284F2F09007982F6 /* LearningCoreData */ = {
			isa = PBXGroup;
			children = (
				98E51BAC284F2F09007982F6 /* LearningCoreDataApp.swift */,
				98E51BAE284F2F09007982F6 /* ContentView.swift */,
				98E51BB0284F2F09007982F6 /* Assets.xcassets */,
				98E51BB5284F2F09007982F6 /* Persistence.swift */,
				98E51BB7284F2F09007982F6 /* LearningCoreData.xcdatamodeld */,
				98E51BB2284F2F09007982F6 /* Preview Content */,
			);
			path = LearningCoreData;
			sourceTree = "<group>";
		};
		98E51BB2284F2F09007982F6 /* Preview Content */ = {
			isa = PBXGroup;
			children = (
				98E51BB3284F2F09007982F6 /* Preview Assets.xcassets */,
			);
			path = "Preview Content";
			sourceTree = "<group>";
		};
		98E51BC1284F2F09007982F6 /* LearningCoreDataTests */ = {
			isa = PBXGroup;
			children = (
				98E51BC2284F2F09007982F6 /* LearningCoreDataTests.swift */,
			);
			path = LearningCoreDataTests;
			sourceTree = "<group>";
		};
		98E51BCB284F2F09007982F6 /* LearningCoreDataUITests */ = {
			isa = PBXGroup;
			children = (
				98E51BCC284F2F09007982F6 /* LearningCoreDataUITests.swift */,
				98E51BCE284F2F09007982F6 /* LearningCoreDataUITestsLaunchTests.swift */,
			);
			path = LearningCoreDataUITests;
			sourceTree = "<group>";
		};
/* End PBXGroup section */

/* Begin PBXNativeTarget section */
		98E51BA8284F2F09007982F6 /* LearningCoreData */ = {
			isa = PBXNativeTarget;
			buildConfigurationList = 98E51BD2284F2F09007982F6 /* Build configuration list for PBXNativeTarget "LearningCoreData" */;
			buildPhases = (
				98E51BA5284F2F09007982F6 /* Sources */,
				98E51BA6284F2F09007982F6 /* Frameworks */,
				98E51BA7284F2F09007982F6 /* Resources */,
			);
			buildRules = (
			);
			dependencies = (
			);
			name = LearningCoreData;
			productName = LearningCoreData;
			productReference = 98E51BA9284F2F09007982F6 /* LearningCoreData.app */;
			productType = "com.apple.product-type.application";
		};
		98E51BBD284F2F09007982F6 /* LearningCoreDataTests */ = {
			isa = PBXNativeTarget;
			buildConfigurationList = 98E51BD5284F2F09007982F6 /* Build configuration list for PBXNativeTarget "LearningCoreDataTests" */;
			buildPhases = (
				98E51BBA284F2F09007982F6 /* Sources */,
				98E51BBB284F2F09007982F6 /* Frameworks */,
				98E51BBC284F2F09007982F6 /* Resources */,
			);
			buildRules = (
			);
			dependencies = (
				98E51BC0284F2F09007982F6 /* PBXTargetDependency */,
			);
			name = LearningCoreDataTests;
			productName = LearningCoreDataTests;
			productReference = 98E51BBE284F2F09007982F6 /* LearningCoreDataTests.xctest */;
			productType = "com.apple.product-type.bundle.unit-test";
		};
		98E51BC7284F2F09007982F6 /* LearningCoreDataUITests */ = {
			isa = PBXNativeTarget;
			buildConfigurationList = 98E51BD8284F2F09007982F6 /* Build configuration list for PBXNativeTarget "LearningCoreDataUITests" */;
			buildPhases = (
				98E51BC4284F2F09007982F6 /* Sources */,
				98E51BC5284F2F09007982F6 /* Frameworks */,
				98E51BC6284F2F09007982F6 /* Resources */,
			);
			buildRules = (
			);
			dependencies = (
				98E51BCA284F2F09007982F6 /* PBXTargetDependency */,
			);
			name = LearningCoreDataUITests;
			productName = LearningCoreDataUITests;
			productReference = 98E51BC8284F2F09007982F6 /* LearningCoreDataUITests.xctest */;
			productType = "com.apple.product-type.bundle.ui-testing";
		};
/* End PBXNativeTarget section */

/* Begin PBXProject section */
		98E51BA1284F2F09007982F6 /* Project object */ = {
			isa = PBXProject;
			attributes = {
				BuildIndependentTargetsInParallel = 1;
				LastSwiftUpdateCheck = 1340;
				LastUpgradeCheck = 1340;
				TargetAttributes = {
					98E51BA8284F2F09007982F6 = {
						CreatedOnToolsVersion = 13.4.1;
					};
					98E51BBD284F2F09007982F6 = {
						CreatedOnToolsVersion = 13.4.1;
						TestTargetID = 98E51BA8284F2F09007982F6;
					};
					98E51BC7284F2F09007982F6 = {
						CreatedOnToolsVersion = 13.4.1;
						TestTargetID = 98E51BA8284F2F09007982F6;
					};
				};
			};
			buildConfigurationList = 98E51BA4284F2F09007982F6 /* Build configuration list for PBXProject "LearningCoreData" */;
			compatibilityVersion = "Xcode 13.0";
			developmentRegion = en;
			hasScannedForEncodings = 0;
			knownRegions = (
				en,
				Base,
			);
			mainGroup = 98E51BA0284F2F09007982F6;
			productRefGroup = 98E51BAA284F2F09007982F6 /* Products */;
			projectDirPath = "";
			projectRoot = "";
			targets = (
				98E51BA8284F2F09007982F6 /* LearningCoreData */,
				98E51BBD284F2F09007982F6 /* LearningCoreDataTests */,
				98E51BC7284F2F09007982F6 /* LearningCoreDataUITests */,
			);
		};
/* End PBXProject section */

/* Begin PBXResourcesBuildPhase section */
		98E51BA7284F2F09007982F6 /* Resources */ = {
			isa = PBXResourcesBuildPhase;
			buildActionMask = 2147483647;
			files = (
				98E51BB4284F2F09007982F6 /* Preview Assets.xcassets in Resources */,
				98E51BB1284F2F09007982F6 /* Assets.xcassets in Resources */,
			);
			runOnlyForDeploymentPostprocessing = 0;
		};
		98E51BBC284F2F09007982F6 /* Resources */ = {
			isa = PBXResourcesBuildPhase;
			buildActionMask = 2147483647;
			files = (
			);
			runOnlyForDeploymentPostprocessing = 0;
		};
		98E51BC6284F2F09007982F6 /* Resources */ = {
			isa = PBXResourcesBuildPhase;
			buildActionMask = 2147483647;
			files = (
			);
			runOnlyForDeploymentPostprocessing = 0;
		};
/* End PBXResourcesBuildPhase section */

/* Begin PBXSourcesBuildPhase section */
		98E51BA5284F2F09007982F6 /* Sources */ = {
			isa = PBXSourcesBuildPhase;
			buildActionMask = 2147483647;
			files = (
				98E51BB9284F2F09007982F6 /* LearningCoreData.xcdatamodeld in Sources */,
				98E51BB6284F2F09007982F6 /* Persistence.swift in Sources */,
				98E51BAF284F2F09007982F6 /* ContentView.swift in Sources */,
				98E51BAD284F2F09007982F6 /* LearningCoreDataApp.swift in Sources */,
			);
			runOnlyForDeploymentPostprocessing = 0;
		};
		98E51BBA284F2F09007982F6 /* Sources */ = {
			isa = PBXSourcesBuildPhase;
			buildActionMask = 2147483647;
			files = (
				98E51BC3284F2F09007982F6 /* LearningCoreDataTests.swift in Sources */,
			);
			runOnlyForDeploymentPostprocessing = 0;
		};
		98E51BC4284F2F09007982F6 /* Sources */ = {
			isa = PBXSourcesBuildPhase;
			buildActionMask = 2147483647;
			files = (
				98E51BCD284F2F09007982F6 /* LearningCoreDataUITests.swift in Sources */,
				98E51BCF284F2F09007982F6 /* LearningCoreDataUITestsLaunchTests.swift in Sources */,
			);
			runOnlyForDeploymentPostprocessing = 0;
		};
/* End PBXSourcesBuildPhase section */

/* Begin PBXTargetDependency section */
		98E51BC0284F2F09007982F6 /* PBXTargetDependency */ = {
			isa = PBXTargetDependency;
			target = 98E51BA8284F2F09007982F6 /* LearningCoreData */;
			targetProxy = 98E51BBF284F2F09007982F6 /* PBXContainerItemProxy */;
		};
		98E51BCA284F2F09007982F6 /* PBXTargetDependency */ = {
			isa = PBXTargetDependency;
			target = 98E51BA8284F2F09007982F6 /* LearningCoreData */;
			targetProxy = 98E51BC9284F2F09007982F6 /* PBXContainerItemProxy */;
		};
/* End PBXTargetDependency section */

/* Begin XCBuildConfiguration section */
		98E51BD0284F2F09007982F6 /* Debug */ = {
			isa = XCBuildConfiguration;
			buildSettings = {
				ALWAYS_SEARCH_USER_PATHS = NO;
				CLANG_ANALYZER_NONNULL = YES;
				CLANG_ANALYZER_NUMBER_OBJECT_CONVERSION = YES_AGGRESSIVE;
				CLANG_CXX_LANGUAGE_STANDARD = "gnu++17";
				CLANG_ENABLE_MODULES = YES;
				CLANG_ENABLE_OBJC_ARC = YES;
				CLANG_ENABLE_OBJC_WEAK = YES;
				CLANG_WARN_BLOCK_CAPTURE_AUTORELEASING = YES;
				CLANG_WARN_BOOL_CONVERSION = YES;
				CLANG_WARN_COMMA = YES;
				CLANG_WARN_CONSTANT_CONVERSION = YES;
				CLANG_WARN_DEPRECATED_OBJC_IMPLEMENTATIONS = YES;
				CLANG_WARN_DIRECT_OBJC_ISA_USAGE = YES_ERROR;
				CLANG_WARN_DOCUMENTATION_COMMENTS = YES;
				CLANG_WARN_EMPTY_BODY = YES;
				CLANG_WARN_ENUM_CONVERSION = YES;
				CLANG_WARN_INFINITE_RECURSION = YES;
				CLANG_WARN_INT_CONVERSION = YES;
				CLANG_WARN_NON_LITERAL_NULL_CONVERSION = YES;
				CLANG_WARN_OBJC_IMPLICIT_RETAIN_SELF = YES;
				CLANG_WARN_OBJC_LITERAL_CONVERSION = YES;
				CLANG_WARN_OBJC_ROOT_CLASS = YES_ERROR;
				CLANG_WARN_QUOTED_INCLUDE_IN_FRAMEWORK_HEADER = YES;
				CLANG_WARN_RANGE_LOOP_ANALYSIS = YES;
				CLANG_WARN_STRICT_PROTOTYPES = YES;
				CLANG_WARN_SUSPICIOUS_MOVE = YES;
				CLANG_WARN_UNGUARDED_AVAILABILITY = YES_AGGRESSIVE;
				CLANG_WARN_UNREACHABLE_CODE = YES;
				CLANG_WARN__DUPLICATE_METHOD_MATCH = YES;
				COPY_PHASE_STRIP = NO;
				DEBUG_INFORMATION_FORMAT = dwarf;
				ENABLE_STRICT_OBJC_MSGSEND = YES;
				ENABLE_TESTABILITY = YES;
				GCC_C_LANGUAGE_STANDARD = gnu11;
				GCC_DYNAMIC_NO_PIC = NO;
				GCC_NO_COMMON_BLOCKS = YES;
				GCC_OPTIMIZATION_LEVEL = 0;
				GCC_PREPROCESSOR_DEFINITIONS = (
					"DEBUG=1",
					"$(inherited)",
				);
				GCC_WARN_64_TO_32_BIT_CONVERSION = YES;
				GCC_WARN_ABOUT_RETURN_TYPE = YES_ERROR;
				GCC_WARN_UNDECLARED_SELECTOR = YES;
				GCC_WARN_UNINITIALIZED_AUTOS = YES_AGGRESSIVE;
				GCC_WARN_UNUSED_FUNCTION = YES;
				GCC_WARN_UNUSED_VARIABLE = YES;
				IPHONEOS_DEPLOYMENT_TARGET = 15.5;
				MTL_ENABLE_DEBUG_INFO = INCLUDE_SOURCE;
				MTL_FAST_MATH = YES;
				ONLY_ACTIVE_ARCH = YES;
				SDKROOT = iphoneos;
				SWIFT_ACTIVE_COMPILATION_CONDITIONS = DEBUG;
				SWIFT_OPTIMIZATION_LEVEL = "-Onone";
			};
			name = Debug;
		};
		98E51BD1284F2F09007982F6 /* Release */ = {
			isa = XCBuildConfiguration;
			buildSettings = {
				ALWAYS_SEARCH_USER_PATHS = NO;
				CLANG_ANALYZER_NONNULL = YES;
				CLANG_ANALYZER_NUMBER_OBJECT_CONVERSION = YES_AGGRESSIVE;
				CLANG_CXX_LANGUAGE_STANDARD = "gnu++17";
				CLANG_ENABLE_MODULES = YES;
				CLANG_ENABLE_OBJC_ARC = YES;
				CLANG_ENABLE_OBJC_WEAK = YES;
				CLANG_WARN_BLOCK_CAPTURE_AUTORELEASING = YES;
				CLANG_WARN_BOOL_CONVERSION = YES;
				CLANG_WARN_COMMA = YES;
				CLANG_WARN_CONSTANT_CONVERSION = YES;
				CLANG_WARN_DEPRECATED_OBJC_IMPLEMENTATIONS = YES;
				CLANG_WARN_DIRECT_OBJC_ISA_USAGE = YES_ERROR;
				CLANG_WARN_DOCUMENTATION_COMMENTS = YES;
				CLANG_WARN_EMPTY_BODY = YES;
				CLANG_WARN_ENUM_CONVERSION = YES;
				CLANG_WARN_INFINITE_RECURSION = YES;
				CLANG_WARN_INT_CONVERSION = YES;
				CLANG_WARN_NON_LITERAL_NULL_CONVERSION = YES;
				CLANG_WARN_OBJC_IMPLICIT_RETAIN_SELF = YES;
				CLANG_WARN_OBJC_LITERAL_CONVERSION = YES;
				CLANG_WARN_OBJC_ROOT_CLASS = YES_ERROR;
				CLANG_WARN_QUOTED_INCLUDE_IN_FRAMEWORK_HEADER = YES;
				CLANG_WARN_RANGE_LOOP_ANALYSIS = YES;
				CLANG_WARN_STRICT_PROTOTYPES = YES;
				CLANG_WARN_SUSPICIOUS_MOVE = YES;
				CLANG_WARN_UNGUARDED_AVAILABILITY = YES_AGGRESSIVE;
				CLANG_WARN_UNREACHABLE_CODE = YES;
				CLANG_WARN__DUPLICATE_METHOD_MATCH = YES;
				COPY_PHASE_STRIP = NO;
				DEBUG_INFORMATION_FORMAT = "dwarf-with-dsym";
				ENABLE_NS_ASSERTIONS = NO;
				ENABLE_STRICT_OBJC_MSGSEND = YES;
				GCC_C_LANGUAGE_STANDARD = gnu11;
				GCC_NO_COMMON_BLOCKS = YES;
				GCC_WARN_64_TO_32_BIT_CONVERSION = YES;
				GCC_WARN_ABOUT_RETURN_TYPE = YES_ERROR;
				GCC_WARN_UNDECLARED_SELECTOR = YES;
				GCC_WARN_UNINITIALIZED_AUTOS = YES_AGGRESSIVE;
				GCC_WARN_UNUSED_FUNCTION = YES;
				GCC_WARN_UNUSED_VARIABLE = YES;
				IPHONEOS_DEPLOYMENT_TARGET = 15.5;
				MTL_ENABLE_DEBUG_INFO = NO;
				MTL_FAST_MATH = YES;
				SDKROOT = iphoneos;
				SWIFT_COMPILATION_MODE = wholemodule;
				SWIFT_OPTIMIZATION_LEVEL = "-O";
				VALIDATE_PRODUCT = YES;
			};
			name = Release;
		};
		98E51BD3284F2F09007982F6 /* Debug */ = {
			isa = XCBuildConfiguration;
			buildSettings = {
				ASSETCATALOG_COMPILER_APPICON_NAME = AppIcon;
				ASSETCATALOG_COMPILER_GLOBAL_ACCENT_COLOR_NAME = AccentColor;
				CODE_SIGN_STYLE = Automatic;
				CURRENT_PROJECT_VERSION = 1;
				DEVELOPMENT_ASSET_PATHS = "\"LearningCoreData/Preview Content\"";
				DEVELOPMENT_TEAM = N6LML762WM;
				ENABLE_PREVIEWS = YES;
				GENERATE_INFOPLIST_FILE = YES;
				INFOPLIST_KEY_UIApplicationSceneManifest_Generation = YES;
				INFOPLIST_KEY_UIApplicationSupportsIndirectInputEvents = YES;
				INFOPLIST_KEY_UILaunchScreen_Generation = YES;
				INFOPLIST_KEY_UISupportedInterfaceOrientations_iPad = "UIInterfaceOrientationPortrait UIInterfaceOrientationPortraitUpsideDown UIInterfaceOrientationLandscapeLeft UIInterfaceOrientationLandscapeRight";
				INFOPLIST_KEY_UISupportedInterfaceOrientations_iPhone = "UIInterfaceOrientationPortrait UIInterfaceOrientationLandscapeLeft UIInterfaceOrientationLandscapeRight";
				LD_RUNPATH_SEARCH_PATHS = (
					"$(inherited)",
					"@executable_path/Frameworks",
				);
				MARKETING_VERSION = 1.0;
				PRODUCT_BUNDLE_IDENTIFIER = Eddy.LearningCoreData;
				PRODUCT_NAME = "$(TARGET_NAME)";
				SWIFT_EMIT_LOC_STRINGS = YES;
				SWIFT_VERSION = 5.0;
				TARGETED_DEVICE_FAMILY = "1,2";
			};
			name = Debug;
		};
		98E51BD4284F2F09007982F6 /* Release */ = {
			isa = XCBuildConfiguration;
			buildSettings = {
				ASSETCATALOG_COMPILER_APPICON_NAME = AppIcon;
				ASSETCATALOG_COMPILER_GLOBAL_ACCENT_COLOR_NAME = AccentColor;
				CODE_SIGN_STYLE = Automatic;
				CURRENT_PROJECT_VERSION = 1;
				DEVELOPMENT_ASSET_PATHS = "\"LearningCoreData/Preview Content\"";
				DEVELOPMENT_TEAM = N6LML762WM;
				ENABLE_PREVIEWS = YES;
				GENERATE_INFOPLIST_FILE = YES;
				INFOPLIST_KEY_UIApplicationSceneManifest_Generation = YES;
				INFOPLIST_KEY_UIApplicationSupportsIndirectInputEvents = YES;
				INFOPLIST_KEY_UILaunchScreen_Generation = YES;
				INFOPLIST_KEY_UISupportedInterfaceOrientations_iPad = "UIInterfaceOrientationPortrait UIInterfaceOrientationPortraitUpsideDown UIInterfaceOrientationLandscapeLeft UIInterfaceOrientationLandscapeRight";
				INFOPLIST_KEY_UISupportedInterfaceOrientations_iPhone = "UIInterfaceOrientationPortrait UIInterfaceOrientationLandscapeLeft UIInterfaceOrientationLandscapeRight";
				LD_RUNPATH_SEARCH_PATHS = (
					"$(inherited)",
					"@executable_path/Frameworks",
				);
				MARKETING_VERSION = 1.0;
				PRODUCT_BUNDLE_IDENTIFIER = Eddy.LearningCoreData;
				PRODUCT_NAME = "$(TARGET_NAME)";
				SWIFT_EMIT_LOC_STRINGS = YES;
				SWIFT_VERSION = 5.0;
				TARGETED_DEVICE_FAMILY = "1,2";
			};
			name = Release;
		};
		98E51BD6284F2F09007982F6 /* Debug */ = {
			isa = XCBuildConfiguration;
			buildSettings = {
				ALWAYS_EMBED_SWIFT_STANDARD_LIBRARIES = YES;
				BUNDLE_LOADER = "$(TEST_HOST)";
				CODE_SIGN_STYLE = Automatic;
				CURRENT_PROJECT_VERSION = 1;
				DEVELOPMENT_TEAM = N6LML762WM;
				GENERATE_INFOPLIST_FILE = YES;
				IPHONEOS_DEPLOYMENT_TARGET = 15.5;
				MARKETING_VERSION = 1.0;
				PRODUCT_BUNDLE_IDENTIFIER = Eddy.LearningCoreDataTests;
				PRODUCT_NAME = "$(TARGET_NAME)";
				SWIFT_EMIT_LOC_STRINGS = NO;
				SWIFT_VERSION = 5.0;
				TARGETED_DEVICE_FAMILY = "1,2";
				TEST_HOST = "$(BUILT_PRODUCTS_DIR)/LearningCoreData.app/LearningCoreData";
			};
			name = Debug;
		};
		98E51BD7284F2F09007982F6 /* Release */ = {
			isa = XCBuildConfiguration;
			buildSettings = {
				ALWAYS_EMBED_SWIFT_STANDARD_LIBRARIES = YES;
				BUNDLE_LOADER = "$(TEST_HOST)";
				CODE_SIGN_STYLE = Automatic;
				CURRENT_PROJECT_VERSION = 1;
				DEVELOPMENT_TEAM = N6LML762WM;
				GENERATE_INFOPLIST_FILE = YES;
				IPHONEOS_DEPLOYMENT_TARGET = 15.5;
				MARKETING_VERSION = 1.0;
				PRODUCT_BUNDLE_IDENTIFIER = Eddy.LearningCoreDataTests;
				PRODUCT_NAME = "$(TARGET_NAME)";
				SWIFT_EMIT_LOC_STRINGS = NO;
				SWIFT_VERSION = 5.0;
				TARGETED_DEVICE_FAMILY = "1,2";
				TEST_HOST = "$(BUILT_PRODUCTS_DIR)/LearningCoreData.app/LearningCoreData";
			};
			name = Release;
		};
		98E51BD9284F2F09007982F6 /* Debug */ = {
			isa = XCBuildConfiguration;
			buildSettings = {
				ALWAYS_EMBED_SWIFT_STANDARD_LIBRARIES = YES;
				CODE_SIGN_STYLE = Automatic;
				CURRENT_PROJECT_VERSION = 1;
				DEVELOPMENT_TEAM = N6LML762WM;
				GENERATE_INFOPLIST_FILE = YES;
				MARKETING_VERSION = 1.0;
				PRODUCT_BUNDLE_IDENTIFIER = Eddy.LearningCoreDataUITests;
				PRODUCT_NAME = "$(TARGET_NAME)";
				SWIFT_EMIT_LOC_STRINGS = NO;
				SWIFT_VERSION = 5.0;
				TARGETED_DEVICE_FAMILY = "1,2";
				TEST_TARGET_NAME = LearningCoreData;
			};
			name = Debug;
		};
		98E51BDA284F2F09007982F6 /* Release */ = {
			isa = XCBuildConfiguration;
			buildSettings = {
				ALWAYS_EMBED_SWIFT_STANDARD_LIBRARIES = YES;
				CODE_SIGN_STYLE = Automatic;
				CURRENT_PROJECT_VERSION = 1;
				DEVELOPMENT_TEAM = N6LML762WM;
				GENERATE_INFOPLIST_FILE = YES;
				MARKETING_VERSION = 1.0;
				PRODUCT_BUNDLE_IDENTIFIER = Eddy.LearningCoreDataUITests;
				PRODUCT_NAME = "$(TARGET_NAME)";
				SWIFT_EMIT_LOC_STRINGS = NO;
				SWIFT_VERSION = 5.0;
				TARGETED_DEVICE_FAMILY = "1,2";
				TEST_TARGET_NAME = LearningCoreData;
			};
			name = Release;
		};
/* End XCBuildConfiguration section */

/* Begin XCConfigurationList section */
		98E51BA4284F2F09007982F6 /* Build configuration list for PBXProject "LearningCoreData" */ = {
			isa = XCConfigurationList;
			buildConfigurations = (
				98E51BD0284F2F09007982F6 /* Debug */,
				98E51BD1284F2F09007982F6 /* Release */,
			);
			defaultConfigurationIsVisible = 0;
			defaultConfigurationName = Release;
		};
		98E51BD2284F2F09007982F6 /* Build configuration list for PBXNativeTarget "LearningCoreData" */ = {
			isa = XCConfigurationList;
			buildConfigurations = (
				98E51BD3284F2F09007982F6 /* Debug */,
				98E51BD4284F2F09007982F6 /* Release */,
			);
			defaultConfigurationIsVisible = 0;
			defaultConfigurationName = Release;
		};
		98E51BD5284F2F09007982F6 /* Build configuration list for PBXNativeTarget "LearningCoreDataTests" */ = {
			isa = XCConfigurationList;
			buildConfigurations = (
				98E51BD6284F2F09007982F6 /* Debug */,
				98E51BD7284F2F09007982F6 /* Release */,
			);
			defaultConfigurationIsVisible = 0;
			defaultConfigurationName = Release;
		};
		98E51BD8284F2F09007982F6 /* Build configuration list for PBXNativeTarget "LearningCoreDataUITests" */ = {
			isa = XCConfigurationList;
			buildConfigurations = (
				98E51BD9284F2F09007982F6 /* Debug */,
				98E51BDA284F2F09007982F6 /* Release */,
			);
			defaultConfigurationIsVisible = 0;
			defaultConfigurationName = Release;
		};
/* End XCConfigurationList section */

/* Begin XCVersionGroup section */
		98E51BB7284F2F09007982F6 /* LearningCoreData.xcdatamodeld */ = {
			isa = XCVersionGroup;
			children = (
				98E51BB8284F2F09007982F6 /* LearningCoreData.xcdatamodel */,
			);
			currentVersion = 98E51BB8284F2F09007982F6 /* LearningCoreData.xcdatamodel */;
			path = LearningCoreData.xcdatamodeld;
			sourceTree = "<group>";
			versionGroupType = wrapper.xcdatamodel;
		};
/* End XCVersionGroup section */
	};
	rootObject = 98E51BA1284F2F09007982F6 /* Project object */;
}
